{
  "name": "@codedgar/puppertino",
  "version": "2.0.0",
  "lockfileVersion": 3,
  "requires": true,
  "packages": {
    "": {
      "name": "@codedgar/puppertino",
      "version": "2.0.0",
      "license": "MIT",
      "devDependencies": {
        "lightningcss-cli": "^1.33.0"
      }
    },
    "node_modules/detect-libc": {
      "version": "2.1.2",
      "resolved": "https://registry.npmjs.org/detect-libc/-/detect-libc-2.1.2.tgz",
      "integrity": "sha512-Btj2BOOO83o3WyH59e8MgXsxEQVcarkUOpEYrubB0urwnN10yQ364rsiByU11nZlqWYZm05i/of7io4mzihBtQ==",
      "dev": true,
      "license": "Apache-2.0",
      "engines": {
        "node": ">=8"
      }
    },
    "node_modules/lightningcss-cli": {
      "version": "1.33.0",
      "resolved": "https://registry.npmjs.org/lightningcss-cli/-/lightningcss-cli-1.33.0.tgz",
      "integrity": "sha512-/tBcBZlBFFxy1iYKDC/HSH/NEjv7Frq6dmDVKRbhGJQI/gFJIJ1/4ZXclxJkd0eEjBjDc5MY0YugHcvJVVGJVg==",
      "dev": true,
      "hasInstallScript": true,
      "license": "MPL-2.0",
      "dependencies": {
        "detect-libc": "^2.0.3"
      },
      "bin": {
        "lightningcss": "lightningcss"
      },
      "engines": {
        "node": ">= 12.0.0"
      },
      "funding": {
        "type": "opencollective",
        "url": "https://opencollective.com/parcel"
      },
      "optionalDependencies": {
        "lightningcss-cli-android-arm64": "1.33.0",
        "lightningcss-cli-darwin-arm64": "1.33.0",
        "lightningcss-cli-darwin-x64": "1.33.0",
        "lightningcss-cli-freebsd-x64": "1.33.0",
        "lightningcss-cli-linux-arm-gnueabihf": "1.33.0",
        "lightningcss-cli-linux-arm64-gnu": "1.33.0",
        "lightningcss-cli-linux-arm64-musl": "1.33.0",
        "lightningcss-cli-linux-x64-gnu": "1.33.0",
        "lightningcss-cli-linux-x64-musl": "1.33.0",
        "lightningcss-cli-win32-arm64-msvc": "1.33.0",
        "lightningcss-cli-win32-x64-msvc": "1.33.0"
      }
    },
    "node_modules/lightningcss-cli-android-arm64": {
      "version": "1.33.0",
      "resolved": "https://registry.npmjs.org/lightningcss-cli-android-arm64/-/lightningcss-cli-android-arm64-1.33.0.tgz",
      "integrity": "sha512-c0Xd7Gxaw3mNOyrb9ET1JH3JjuB69GY/6pHO4vgwEbIoHCXAt6DBg6kxr5t/oZL9LRxdnZCXF+o0Evz6kuR/xA==",
      "cpu": [
        "arm64"
      ],
      "dev": true,
      "license": "MPL-2.0",
      "optional": true,
      "os": [
        "android"
      ],
      "engines": {
        "node": ">= 12.0.0"
      },
      "funding": {
        "type": "opencollective",
        "url": "https://opencollective.com/parcel"
      }
    },
    "node_modules/lightningcss-cli-darwin-arm64": {
      "version": "1.33.0",
      "resolved": "https://registry.npmjs.org/lightningcss-cli-darwin-arm64/-/lightningcss-cli-darwin-arm64-1.33.0.tgz",
      "integrity": "sha512-sso5hSFPis7ldw2FcBopsZviSVAXWRGX8ybUwMhQHssTlERenQJ88WihZs08tCdSnQULo2kunnrGhh4VjRw8Fg==",
      "cpu": [
        "arm64"
      ],
      "dev": true,
      "license": "MPL-2.0",
      "optional": true,
      "os": [
        "darwin"
      ],
      "engines": {
        "node": ">= 12.0.0"
      },
      "funding": {
        "type": "opencollective",
        "url": "https://opencollective.com/parcel"
      }
    },
    "node_modules/lightningcss-cli-darwin-x64": {
      "version": "1.33.0",
      "resolved": "https://registry.npmjs.org/lightningcss-cli-darwin-x64/-/lightningcss-cli-darwin-x64-1.33.0.tgz",
      "integrity": "sha512-/aDYpMv2QKpJoSIwvwpIs4tIX9SCU894eospSm55FR5MxDZkJDy4fEX6elsXkHCBDqbAknb4qd2h/oDMLTC4Ew==",
      "cpu": [
        "x64"
      ],
      "dev": true,
      "license": "MPL-2.0",
      "optional": true,
      "os": [
        "darwin"
      ],
      "engines": {
        "node": ">= 12.0.0"
      },
      "funding": {
        "type": "opencollective",
        "url": "https://opencollective.com/parcel"
      }
    },
    "node_modules/lightningcss-cli-freebsd-x64": {
      "version": "1.33.0",
      "resolved": "https://registry.npmjs.org/lightningcss-cli-freebsd-x64/-/lightningcss-cli-freebsd-x64-1.33.0.tgz",
      "integrity": "sha512-kK9u4IEAvt3+1m7lkloyfZNfXykXq2vCH7lgZ5aEqa8VuBZYqvcAIQ4Qt1593QJxbko9HEKUP0erdSxw7k7eFw==",
      "cpu": [
        "x64"
      ],
      "dev": true,
      "license": "MPL-2.0",
      "optional": true,
      "os": [
        "freebsd"
      ],
      "engines": {
        "node": ">= 12.0.0"
      },
      "funding": {
        "type": "opencollective",
        "url": "https://opencollective.com/parcel"
      }
    },
    "node_modules/lightningcss-cli-linux-arm-gnueabihf": {
      "version": "1.33.0",
      "resolved": "https://registry.npmjs.org/lightningcss-cli-linux-arm-gnueabihf/-/lightningcss-cli-linux-arm-gnueabihf-1.33.0.tgz",
      "integrity": "sha512-4bHmUlYCb8WKdPKx2yhk8y/kD034JVuUatDMWav0uU/hEIYJrxPimWBJJ4w2lgpcWchVnk/Kuihs4vaLjO/ozw==",
      "cpu": [
        "arm"
      ],
      "dev": true,
      "license": "MPL-2.0",
      "optional": true,
      "os": [
        "linux"
      ],
      "engines": {
        "node": ">= 12.0.0"
      },
      "funding": {
        "type": "opencollective",
        "url": "https://opencollective.com/parcel"
      }
    },
    "node_modules/lightningcss-cli-linux-arm64-gnu": {
      "version": "1.33.0",
      "resolved": "https://registry.npmjs.org/lightningcss-cli-linux-arm64-gnu/-/lightningcss-cli-linux-arm64-gnu-1.33.0.tgz",
      "integrity": "sha512-DkYmkBix3icAZKZsxGsjBAj59CIV0zflZtsT66lCPd2z3OqBLJlhKRrw4TlAW7mIkYeOEYWKVz/G00ZGXNse4A==",
      "cpu": [
        "arm64"
      ],
      "dev": true,
      "license": "MPL-2.0",
      "optional": true,
      "os": [
        "linux"
      ],
      "engines": {
        "node": ">= 12.0.0"
      },
      "funding": {
        "type": "opencollective",
        "url": "https://opencollective.com/parcel"
      }
    },
    "node_modules/lightningcss-cli-linux-arm64-musl": {
      "version": "1.33.0",
      "resolved": "https://registry.npmjs.org/lightningcss-cli-linux-arm64-musl/-/lightningcss-cli-linux-arm64-musl-1.33.0.tgz",
      "integrity": "sha512-euNOhzo1ysRl719HfFzRe9r9usWO2Z/Nb8RnmqXxb/kvzOgAv2BcflpoTu6tWhSrbHX6YS/WP6mMFrmII6T7Hw==",
      "cpu": [
        "arm64"
      ],
      "dev": true,
      "license": "MPL-2.0",
      "optional": true,
      "os": [
        "linux"
      ],
      "engines": {
        "node": ">= 12.0.0"
      },
      "funding": {
        "type": "opencollective",
        "url": "https://opencollective.com/parcel"
      }
    },
    "node_modules/lightningcss-cli-linux-x64-gnu": {
      "version": "1.33.0",
      "resolved": "https://registry.npmjs.org/lightningcss-cli-linux-x64-gnu/-/lightningcss-cli-linux-x64-gnu-1.33.0.tgz",
      "integrity": "sha512-9Q4DAglm17bLhA+HZPB+vxjrHXdhR/8U44zyc8MQNA5Rw+tisvcoR/lv4iuBUFn2qreYVRWQq0wP0rgdhTSxyQ==",
      "cpu": [
        "x64"
      ],
      "dev": true,
      "license": "MPL-2.0",
      "optional": true,
      "os": [
        "linux"
      ],
      "engines": {
        "node": ">= 12.0.0"
      },
      "funding": {
        "type": "opencollective",
        "url": "https://opencollective.com/parcel"
      }
    },
    "node_modules/lightningcss-cli-linux-x64-musl": {
      "version": "1.33.0",
      "resolved": "https://registry.npmjs.org/lightningcss-cli-linux-x64-musl/-/lightningcss-cli-linux-x64-musl-1.33.0.tgz",
      "integrity": "sha512-+EobHdqxQ21SUMF8OU0qcizNIrLpPDaPTKQCaGbra9gL3NrW3ELG+exZl5y+WzJsEjLZ0hhjbCFjHUL/03H2JA==",
      "cpu": [
        "x64"
      ],
      "dev": true,
      "license": "MPL-2.0",
      "optional": true,
      "os": [
        "linux"
      ],
      "engines": {
        "node": ">= 12.0.0"
      },
      "funding": {
        "type": "opencollective",
        "url": "https://opencollective.com/parcel"
      }
    },
    "node_modules/lightningcss-cli-win32-arm64-msvc": {
      "version": "1.33.0",
      "resolved": "https://registry.npmjs.org/lightningcss-cli-win32-arm64-msvc/-/lightningcss-cli-win32-arm64-msvc-1.33.0.tgz",
      "integrity": "sha512-iwQ+8rHQy3ewC4c43Ik3UZ8TCC/rjShP3r/8TOPw4fT8wQmW7dS3BNNHPK+LWz9qNrObATJ4MZEEZVRneckOBw==",
      "cpu": [
        "arm64"
      ],
      "dev": true,
      "license": "MPL-2.0",
      "optional": true,
      "os": [
        "win32"
      ],
      "engines": {
        "node": ">= 12.0.0"
      },
      "funding": {
        "type": "opencollective",
        "url": "https://opencollective.com/parcel"
      }
    },
    "node_modules/lightningcss-cli-win32-x64-msvc": {
      "version": "1.33.0",
      "resolved": "https://registry.npmjs.org/lightningcss-cli-win32-x64-msvc/-/lightningcss-cli-win32-x64-msvc-1.33.0.tgz",
      "integrity": "sha512-sgtNPw2gxnY8OzCCMTKCkHSIiBYb/wfXLpLMmDIJFzcX2OETY+VOnQd7OBHx+hVSlrMU7iWL6oJ5rc+nQwteVA==",
      "cpu": [
        "x64"
      ],
      "dev": true,
      "license": "MPL-2.0",
      "optional": true,
      "os": [
        "win32"
      ],
      "engines": {
        "node": ">= 12.0.0"
      },
      "funding": {
        "type": "opencollective",
        "url": "https://opencollective.com/parcel"
      }
    }
  }
}
